
Microsoft Visual Studio Solution File, Format Version 12.00
# Visual Studio Version 17
VisualStudioVersion = 17.11.35327.3
MinimumVisualStudioVersion = 10.0.40219.1
Project("{FAE04EC0-301F-11D3-BF4B-00C04F79EFBC}") = "AnotherFile", "AnotherFile\AnotherFile.csproj", "{E897AB4E-3977-43E2-8280-681E6C33824E}"
EndProject
Global
	GlobalSection(SolutionConfigurationPlatforms) = preSolution
		Debug|Any CPU = Debug|Any CPU
		Release|Any CPU = Release|Any CPU
	EndGlobalSection
	GlobalSection(ProjectConfigurationPlatforms) = postSolution
		{E897AB4E-3977-43E2-8280-681E6C33824E}.Debug|Any CPU.ActiveCfg = Debug|Any CPU
		{E897AB4E-3977-43E2-8280-681E6C33824E}.Debug|Any CPU.Build.0 = Debug|Any CPU
		{E897AB4E-3977-43E2-8280-681E6C33824E}.Release|Any CPU.ActiveCfg = Release|Any CPU
		{E897AB4E-3977-43E2-8280-681E6C33824E}.Release|Any CPU.Build.0 = Release|Any CPU
	EndGlobalSection
	GlobalSection(SolutionProperties) = preSolution
		HideSolutionNode = FALSE
	EndGlobalSection
	GlobalSection(ExtensibilityGlobals) = postSolution
		SolutionGuid = {22CE240A-BC50-459E-8F3B-C42C5D583D6D}
	EndGlobalSection
EndGlobal
