
Microsoft Visual Studio Solution File, Format Version 12.00
# Visual Studio Version 17
VisualStudioVersion = 17.11.35327.3
MinimumVisualStudioVersion = 10.0.40219.1
Project("{FAE04EC0-301F-11D3-BF4B-00C04F79EFBC}") = "MyFirstProgram", "MyFirstProgram\MyFirstProgram.csproj", "{F96F7B0B-119E-488A-A2F8-F9F1C0727EF7}"
EndProject
Global
	GlobalSection(SolutionConfigurationPlatforms) = preSolution
		Debug|Any CPU = Debug|Any CPU
		Release|Any CPU = Release|Any CPU
	EndGlobalSection
	GlobalSection(ProjectConfigurationPlatforms) = postSolution
		{F96F7B0B-119E-488A-A2F8-F9F1C0727EF7}.Debug|Any CPU.ActiveCfg = Debug|Any CPU
		{F96F7B0B-119E-488A-A2F8-F9F1C0727EF7}.Debug|Any CPU.Build.0 = Debug|Any CPU
		{F96F7B0B-119E-488A-A2F8-F9F1C0727EF7}.Release|Any CPU.ActiveCfg = Release|Any CPU
		{F96F7B0B-119E-488A-A2F8-F9F1C0727EF7}.Release|Any CPU.Build.0 = Release|Any CPU
	EndGlobalSection
	GlobalSection(SolutionProperties) = preSolution
		HideSolutionNode = FALSE
	EndGlobalSection
	GlobalSection(ExtensibilityGlobals) = postSolution
		SolutionGuid = {A8F1E039-BA62-498E-8754-B8B77230704D}
	EndGlobalSection
EndGlobal
